
Microsoft Visual Studio Solution File, Format Version 12.00
# Visual Studio Version 17
VisualStudioVersion = 17.4.33122.133
MinimumVisualStudioVersion = 10.0.40219.1
Project("{FAE04EC0-301F-11D3-BF4B-00C04F79EFBC}") = "SpotifyClone", "SpotifyClone.csproj", "{A66DBA0D-1758-4C8C-9B9B-08916195DFE1}"
EndProject
Global
	GlobalSection(SolutionConfigurationPlatforms) = preSolution
		Debug|Any CPU = Debug|Any CPU
		Release|Any CPU = Release|Any CPU
	EndGlobalSection
	GlobalSection(ProjectConfigurationPlatforms) = postSolution
		{A66DBA0D-1758-4C8C-9B9B-08916195DFE1}.Debug|Any CPU.ActiveCfg = Debug|Any CPU
		{A66DBA0D-1758-4C8C-9B9B-08916195DFE1}.Debug|Any CPU.Build.0 = Debug|Any CPU
		{A66DBA0D-1758-4C8C-9B9B-08916195DFE1}.Release|Any CPU.ActiveCfg = Release|Any CPU
		{A66DBA0D-1758-4C8C-9B9B-08916195DFE1}.Release|Any CPU.Build.0 = Release|Any CPU
	EndGlobalSection
	GlobalSection(SolutionProperties) = preSolution
		HideSolutionNode = FALSE
	EndGlobalSection
	GlobalSection(ExtensibilityGlobals) = postSolution
		SolutionGuid = {CCC39D29-1313-4F6F-B9FF-45474E4BD0DD}
	EndGlobalSection
EndGlobal
